
Microsoft Visual Studio Solution File, Format Version 12.00
# Visual Studio Version 16
VisualStudioVersion = 16.0.30717.126
MinimumVisualStudioVersion = 10.0.40219.1
Project("{8BC9CEB8-8B4A-11D0-8D11-00A0C91BC942}") = "Указатели 6", "Указатели 6\Указатели 6.vcxproj", "{218BA8E5-5FD8-4ECE-AAB0-A539EB7D1041}"
EndProject
Global
	GlobalSection(SolutionConfigurationPlatforms) = preSolution
		Debug|x64 = Debug|x64
		Debug|x86 = Debug|x86
		Release|x64 = Release|x64
		Release|x86 = Release|x86
	EndGlobalSection
	GlobalSection(ProjectConfigurationPlatforms) = postSolution
		{218BA8E5-5FD8-4ECE-AAB0-A539EB7D1041}.Debug|x64.ActiveCfg = Debug|x64
		{218BA8E5-5FD8-4ECE-AAB0-A539EB7D1041}.Debug|x64.Build.0 = Debug|x64
		{218BA8E5-5FD8-4ECE-AAB0-A539EB7D1041}.Debug|x86.ActiveCfg = Debug|Win32
		{218BA8E5-5FD8-4ECE-AAB0-A539EB7D1041}.Debug|x86.Build.0 = Debug|Win32
		{218BA8E5-5FD8-4ECE-AAB0-A539EB7D1041}.Release|x64.ActiveCfg = Release|x64
		{218BA8E5-5FD8-4ECE-AAB0-A539EB7D1041}.Release|x64.Build.0 = Release|x64
		{218BA8E5-5FD8-4ECE-AAB0-A539EB7D1041}.Release|x86.ActiveCfg = Release|Win32
		{218BA8E5-5FD8-4ECE-AAB0-A539EB7D1041}.Release|x86.Build.0 = Release|Win32
	EndGlobalSection
	GlobalSection(SolutionProperties) = preSolution
		HideSolutionNode = FALSE
	EndGlobalSection
	GlobalSection(ExtensibilityGlobals) = postSolution
		SolutionGuid = {E8DC7106-1502-402E-A1E2-ED1203A985B4}
	EndGlobalSection
EndGlobal
